PODS:
  - HNBURLRouter (0.0.5)
  - Masonry (1.1.0)
  - ReactiveObjC (3.1.0)

DEPENDENCIES:
  - HNBURLRouter (from `../`)
  - Masonry (= 1.1.0)
  - ReactiveObjC (= 3.1.0)

SPEC REPOS:
  https://github.com/cocoapods/specs.git:
    - Masonry
    - ReactiveObjC

EXTERNAL SOURCES:
  HNBURLRouter:
    :path: "../"

SPEC CHECKSUMS:
  HNBURLRouter: efac151d42027f1e06c63b6e522ae76dc5818851
  Masonry: 678fab65091a9290e40e2832a55e7ab731aad201
  ReactiveObjC: 2a38ea15335de4119d8b17caf1db1484f61db902

PODFILE CHECKSUM: a54e04f403ecccd495cca5257a4c8ccf2c900214

COCOAPODS: 1.5.2
